
Microsoft Visual Studio Solution File, Format Version 12.00
# Visual Studio Version 16
VisualStudioVersion = 16.0.30611.23
MinimumVisualStudioVersion = 10.0.40219.1
Project("{9A19103F-16F7-4668-BE54-9A1E7A4F7556}") = "PortScanTool", "PortScanTool.csproj", "{024DB53C-02D5-4118-B335-23A6E20FDDB4}"
EndProject
Project("{FAE04EC0-301F-11D3-BF4B-00C04F79EFBC}") = "PortScanToolTest", "..\PortScanToolTest\PortScanToolTest.csproj", "{043CBEF5-DCB2-4DDD-A049-8CD7627777B2}"
EndProject
Global
	GlobalSection(SolutionConfigurationPlatforms) = preSolution
		Debug|Any CPU = Debug|Any CPU
		Release|Any CPU = Release|Any CPU
	EndGlobalSection
	GlobalSection(ProjectConfigurationPlatforms) = postSolution
		{024DB53C-02D5-4118-B335-23A6E20FDDB4}.Debug|Any CPU.ActiveCfg = Debug|Any CPU
		{024DB53C-02D5-4118-B335-23A6E20FDDB4}.Debug|Any CPU.Build.0 = Debug|Any CPU
		{024DB53C-02D5-4118-B335-23A6E20FDDB4}.Release|Any CPU.ActiveCfg = Release|Any CPU
		{024DB53C-02D5-4118-B335-23A6E20FDDB4}.Release|Any CPU.Build.0 = Release|Any CPU
		{043CBEF5-DCB2-4DDD-A049-8CD7627777B2}.Debug|Any CPU.ActiveCfg = Debug|Any CPU
		{043CBEF5-DCB2-4DDD-A049-8CD7627777B2}.Debug|Any CPU.Build.0 = Debug|Any CPU
		{043CBEF5-DCB2-4DDD-A049-8CD7627777B2}.Release|Any CPU.ActiveCfg = Release|Any CPU
		{043CBEF5-DCB2-4DDD-A049-8CD7627777B2}.Release|Any CPU.Build.0 = Release|Any CPU
	EndGlobalSection
	GlobalSection(SolutionProperties) = preSolution
		HideSolutionNode = FALSE
	EndGlobalSection
	GlobalSection(ExtensibilityGlobals) = postSolution
		SolutionGuid = {C6C01277-DFA4-4303-BD70-98C888E70609}
	EndGlobalSection
EndGlobal
